
Microsoft Visual Studio Solution File, Format Version 12.00
# Visual Studio Version 17
VisualStudioVersion = 17.1.32319.34
MinimumVisualStudioVersion = 10.0.40219.1
Project("{FAE04EC0-301F-11D3-BF4B-00C04F79EFBC}") = "TestCreator.Core", "TestCreator.Core\TestCreator.Core.csproj", "{DE2DAA3A-A297-4E61-A450-C79A12C2CB5C}"
EndProject
Project("{FAE04EC0-301F-11D3-BF4B-00C04F79EFBC}") = "TestCreator.Test", "TestCreator.Test\TestCreator.Test.csproj", "{EEF5D2BE-91C1-4CAF-9264-DB61FB8C6F60}"
EndProject
Global
	GlobalSection(SolutionConfigurationPlatforms) = preSolution
		Debug|Any CPU = Debug|Any CPU
		Release|Any CPU = Release|Any CPU
	EndGlobalSection
	GlobalSection(ProjectConfigurationPlatforms) = postSolution
		{DE2DAA3A-A297-4E61-A450-C79A12C2CB5C}.Debug|Any CPU.ActiveCfg = Debug|Any CPU
		{DE2DAA3A-A297-4E61-A450-C79A12C2CB5C}.Debug|Any CPU.Build.0 = Debug|Any CPU
		{DE2DAA3A-A297-4E61-A450-C79A12C2CB5C}.Release|Any CPU.ActiveCfg = Release|Any CPU
		{DE2DAA3A-A297-4E61-A450-C79A12C2CB5C}.Release|Any CPU.Build.0 = Release|Any CPU
		{EEF5D2BE-91C1-4CAF-9264-DB61FB8C6F60}.Debug|Any CPU.ActiveCfg = Debug|Any CPU
		{EEF5D2BE-91C1-4CAF-9264-DB61FB8C6F60}.Debug|Any CPU.Build.0 = Debug|Any CPU
		{EEF5D2BE-91C1-4CAF-9264-DB61FB8C6F60}.Release|Any CPU.ActiveCfg = Release|Any CPU
		{EEF5D2BE-91C1-4CAF-9264-DB61FB8C6F60}.Release|Any CPU.Build.0 = Release|Any CPU
	EndGlobalSection
	GlobalSection(SolutionProperties) = preSolution
		HideSolutionNode = FALSE
	EndGlobalSection
	GlobalSection(ExtensibilityGlobals) = postSolution
		SolutionGuid = {C7672B88-EF7D-40AE-B111-CD84E5047DE9}
	EndGlobalSection
EndGlobal
